<Solution>
  <Folder Name="/samples/">
    <Project Path="samples/SampleApp/SampleApp.csproj" />
  </Folder>
  <Folder Name="/src/">
    <Project Path="src/MailPeek/MailPeek.csproj" />
    <Project Path="src/MailPeek.Hosting.Aspire/MailPeek.Hosting.Aspire.csproj" />
  </Folder>
  <Folder Name="/tests/">
    <Project Path="tests/MailPeek.Tests/MailPeek.Tests.csproj" />
  </Folder>
</Solution>
